// !$*UTF8*$!
{
	archiveVersion = 1;
	classes = {
	};
	objectVersion = 45;
	objects = {

/* Begin PBXBuildFile section */
		14544B491298922D004359FF /* TextInputStringTokenizer.m in Sources */ = {isa = PBXBuildFile; fileRef = 14544B481298922D004359FF /* TextInputStringTokenizer.m */; };
		14544BA412989CA1004359FF /* PasscodeLockViewController.m in Sources */ = {isa = PBXBuildFile; fileRef = 14544BA312989CA1004359FF /* PasscodeLockViewController.m */; };
		14544BAB12989D19004359FF /* PasscodeLockView.m in Sources */ = {isa = PBXBuildFile; fileRef = 14544BAA12989D19004359FF /* PasscodeLockView.m */; };
		14544BAF12989DAD004359FF /* passcode_frame.png in Resources */ = {isa = PBXBuildFile; fileRef = 14544BAE12989DAD004359FF /* passcode_frame.png */; };
		14BD55C3129849F8001EAD73 /* SimpleTextViewController.m in Sources */ = {isa = PBXBuildFile; fileRef = 14BD55C2129849F8001EAD73 /* SimpleTextViewController.m */; };
		14BD55CB12984AB7001EAD73 /* SimpleTextView.m in Sources */ = {isa = PBXBuildFile; fileRef = 14BD55CA12984AB7001EAD73 /* SimpleTextView.m */; };
		14BD56271298504D001EAD73 /* CoreTextViewController.m in Sources */ = {isa = PBXBuildFile; fileRef = 14BD56261298504D001EAD73 /* CoreTextViewController.m */; };
		14BD562F129850F6001EAD73 /* CoreText.framework in Frameworks */ = {isa = PBXBuildFile; fileRef = 14BD562E129850F6001EAD73 /* CoreText.framework */; };
		14BD564312985472001EAD73 /* CoreTextView.m in Sources */ = {isa = PBXBuildFile; fileRef = 14BD564212985472001EAD73 /* CoreTextView.m */; };
		14BD5684129864F3001EAD73 /* TextPosition.m in Sources */ = {isa = PBXBuildFile; fileRef = 14BD5682129864F3001EAD73 /* TextPosition.m */; };
		14BD5685129864F3001EAD73 /* TextRange.m in Sources */ = {isa = PBXBuildFile; fileRef = 14BD5683129864F3001EAD73 /* TextRange.m */; };
		1D3623260D0F684500981E51 /* TextInputAppDelegate.m in Sources */ = {isa = PBXBuildFile; fileRef = 1D3623250D0F684500981E51 /* TextInputAppDelegate.m */; };
		1D60589B0D05DD56006BFB54 /* main.m in Sources */ = {isa = PBXBuildFile; fileRef = 29B97316FDCFA39411CA2CEA /* main.m */; };
		1D60589F0D05DD5A006BFB54 /* Foundation.framework in Frameworks */ = {isa = PBXBuildFile; fileRef = 1D30AB110D05D00D00671497 /* Foundation.framework */; };
		1DF5F4E00D08C38300B7A737 /* UIKit.framework in Frameworks */ = {isa = PBXBuildFile; fileRef = 1DF5F4DF0D08C38300B7A737 /* UIKit.framework */; };
		2892E4100DC94CBA00A64D0F /* CoreGraphics.framework in Frameworks */ = {isa = PBXBuildFile; fileRef = 2892E40F0DC94CBA00A64D0F /* CoreGraphics.framework */; };
		28AD73600D9D9599002E5188 /* MainWindow.xib in Resources */ = {isa = PBXBuildFile; fileRef = 28AD735F0D9D9599002E5188 /* MainWindow.xib */; };
		28C286E10D94DF7D0034E888 /* RootViewController.m in Sources */ = {isa = PBXBuildFile; fileRef = 28C286E00D94DF7D0034E888 /* RootViewController.m */; };
		28F335F11007B36200424DE2 /* RootViewController.xib in Resources */ = {isa = PBXBuildFile; fileRef = 28F335F01007B36200424DE2 /* RootViewController.xib */; };
/* End PBXBuildFile section */

/* Begin PBXFileReference section */
		14544B471298922D004359FF /* TextInputStringTokenizer.h */ = {isa = PBXFileReference; fileEncoding = 4; lastKnownFileType = sourcecode.c.h; path = TextInputStringTokenizer.h; sourceTree = "<group>"; };
		14544B481298922D004359FF /* TextInputStringTokenizer.m */ = {isa = PBXFileReference; fileEncoding = 4; lastKnownFileType = sourcecode.c.objc; path = TextInputStringTokenizer.m; sourceTree = "<group>"; };
		14544BA212989CA1004359FF /* PasscodeLockViewController.h */ = {isa = PBXFileReference; fileEncoding = 4; lastKnownFileType = sourcecode.c.h; path = PasscodeLockViewController.h; sourceTree = "<group>"; };
		14544BA312989CA1004359FF /* PasscodeLockViewController.m */ = {isa = PBXFileReference; fileEncoding = 4; lastKnownFileType = sourcecode.c.objc; path = PasscodeLockViewController.m; sourceTree = "<group>"; };
		14544BA912989D19004359FF /* PasscodeLockView.h */ = {isa = PBXFileReference; fileEncoding = 4; lastKnownFileType = sourcecode.c.h; path = PasscodeLockView.h; sourceTree = "<group>"; };
		14544BAA12989D19004359FF /* PasscodeLockView.m */ = {isa = PBXFileReference; fileEncoding = 4; lastKnownFileType = sourcecode.c.objc; path = PasscodeLockView.m; sourceTree = "<group>"; };
		14544BAE12989DAD004359FF /* passcode_frame.png */ = {isa = PBXFileReference; lastKnownFileType = image.png; path = passcode_frame.png; sourceTree = "<group>"; };
		14BD55C1129849F8001EAD73 /* SimpleTextViewController.h */ = {isa = PBXFileReference; fileEncoding = 4; lastKnownFileType = sourcecode.c.h; path = SimpleTextViewController.h; sourceTree = "<group>"; };
		14BD55C2129849F8001EAD73 /* SimpleTextViewController.m */ = {isa = PBXFileReference; fileEncoding = 4; lastKnownFileType = sourcecode.c.objc; path = SimpleTextViewController.m; sourceTree = "<group>"; };
		14BD55C912984AB7001EAD73 /* SimpleTextView.h */ = {isa = PBXFileReference; fileEncoding = 4; lastKnownFileType = sourcecode.c.h; path = SimpleTextView.h; sourceTree = "<group>"; };
		14BD55CA12984AB7001EAD73 /* SimpleTextView.m */ = {isa = PBXFileReference; fileEncoding = 4; lastKnownFileType = sourcecode.c.objc; path = SimpleTextView.m; sourceTree = "<group>"; };
		14BD56251298504D001EAD73 /* CoreTextViewController.h */ = {isa = PBXFileReference; fileEncoding = 4; lastKnownFileType = sourcecode.c.h; path = CoreTextViewController.h; sourceTree = "<group>"; };
		14BD56261298504D001EAD73 /* CoreTextViewController.m */ = {isa = PBXFileReference; fileEncoding = 4; lastKnownFileType = sourcecode.c.objc; path = CoreTextViewController.m; sourceTree = "<group>"; };
		14BD562E129850F6001EAD73 /* CoreText.framework */ = {isa = PBXFileReference; lastKnownFileType = wrapper.framework; name = CoreText.framework; path = System/Library/Frameworks/CoreText.framework; sourceTree = SDKROOT; };
		14BD564112985472001EAD73 /* CoreTextView.h */ = {isa = PBXFileReference; fileEncoding = 4; lastKnownFileType = sourcecode.c.h; path = CoreTextView.h; sourceTree = "<group>"; };
		14BD564212985472001EAD73 /* CoreTextView.m */ = {isa = PBXFileReference; fileEncoding = 4; lastKnownFileType = sourcecode.c.objc; path = CoreTextView.m; sourceTree = "<group>"; };
		14BD5680129864F3001EAD73 /* TextPosition.h */ = {isa = PBXFileReference; fileEncoding = 4; lastKnownFileType = sourcecode.c.h; path = TextPosition.h; sourceTree = "<group>"; };
		14BD5681129864F3001EAD73 /* TextRange.h */ = {isa = PBXFileReference; fileEncoding = 4; lastKnownFileType = sourcecode.c.h; path = TextRange.h; sourceTree = "<group>"; };
		14BD5682129864F3001EAD73 /* TextPosition.m */ = {isa = PBXFileReference; fileEncoding = 4; lastKnownFileType = sourcecode.c.objc; path = TextPosition.m; sourceTree = "<group>"; };
		14BD5683129864F3001EAD73 /* TextRange.m */ = {isa = PBXFileReference; fileEncoding = 4; lastKnownFileType = sourcecode.c.objc; path = TextRange.m; sourceTree = "<group>"; };
		1D30AB110D05D00D00671497 /* Foundation.framework */ = {isa = PBXFileReference; lastKnownFileType = wrapper.framework; name = Foundation.framework; path = System/Library/Frameworks/Foundation.framework; sourceTree = SDKROOT; };
		1D3623240D0F684500981E51 /* TextInputAppDelegate.h */ = {isa = PBXFileReference; fileEncoding = 4; lastKnownFileType = sourcecode.c.h; path = TextInputAppDelegate.h; sourceTree = "<group>"; };
		1D3623250D0F684500981E51 /* TextInputAppDelegate.m */ = {isa = PBXFileReference; fileEncoding = 4; lastKnownFileType = sourcecode.c.objc; path = TextInputAppDelegate.m; sourceTree = "<group>"; };
		1D6058910D05DD3D006BFB54 /* TextInput.app */ = {isa = PBXFileReference; explicitFileType = wrapper.application; includeInIndex = 0; path = TextInput.app; sourceTree = BUILT_PRODUCTS_DIR; };
		1DF5F4DF0D08C38300B7A737 /* UIKit.framework */ = {isa = PBXFileReference; lastKnownFileType = wrapper.framework; name = UIKit.framework; path = System/Library/Frameworks/UIKit.framework; sourceTree = SDKROOT; };
		2892E40F0DC94CBA00A64D0F /* CoreGraphics.framework */ = {isa = PBXFileReference; lastKnownFileType = wrapper.framework; name = CoreGraphics.framework; path = System/Library/Frameworks/CoreGraphics.framework; sourceTree = SDKROOT; };
		28A0AAE50D9B0CCF005BE974 /* TextInput_Prefix.pch */ = {isa = PBXFileReference; fileEncoding = 4; lastKnownFileType = sourcecode.c.h; path = TextInput_Prefix.pch; sourceTree = "<group>"; };
		28AD735F0D9D9599002E5188 /* MainWindow.xib */ = {isa = PBXFileReference; lastKnownFileType = file.xib; path = MainWindow.xib; sourceTree = "<group>"; };
		28C286DF0D94DF7D0034E888 /* RootViewController.h */ = {isa = PBXFileReference; fileEncoding = 4; lastKnownFileType = sourcecode.c.h; path = RootViewController.h; sourceTree = "<group>"; };
		28C286E00D94DF7D0034E888 /* RootViewController.m */ = {isa = PBXFileReference; fileEncoding = 4; lastKnownFileType = sourcecode.c.objc; path = RootViewController.m; sourceTree = "<group>"; };
		28F335F01007B36200424DE2 /* RootViewController.xib */ = {isa = PBXFileReference; lastKnownFileType = file.xib; path = RootViewController.xib; sourceTree = "<group>"; };
		29B97316FDCFA39411CA2CEA /* main.m */ = {isa = PBXFileReference; fileEncoding = 4; lastKnownFileType = sourcecode.c.objc; path = main.m; sourceTree = "<group>"; };
		8D1107310486CEB800E47090 /* TextInput-Info.plist */ = {isa = PBXFileReference; fileEncoding = 4; lastKnownFileType = text.plist.xml; path = "TextInput-Info.plist"; plistStructureDefinitionIdentifier = "com.apple.xcode.plist.structure-definition.iphone.info-plist"; sourceTree = "<group>"; };
/* End PBXFileReference section */

/* Begin PBXFrameworksBuildPhase section */
		1D60588F0D05DD3D006BFB54 /* Frameworks */ = {
			isa = PBXFrameworksBuildPhase;
			buildActionMask = 2147483647;
			files = (
				1D60589F0D05DD5A006BFB54 /* Foundation.framework in Frameworks */,
				1DF5F4E00D08C38300B7A737 /* UIKit.framework in Frameworks */,
				2892E4100DC94CBA00A64D0F /* CoreGraphics.framework in Frameworks */,
				14BD562F129850F6001EAD73 /* CoreText.framework in Frameworks */,
			);
			runOnlyForDeploymentPostprocessing = 0;
		};
/* End PBXFrameworksBuildPhase section */

/* Begin PBXGroup section */
		080E96DDFE201D6D7F000001 /* Classes */ = {
			isa = PBXGroup;
			children = (
				1D3623240D0F684500981E51 /* TextInputAppDelegate.h */,
				1D3623250D0F684500981E51 /* TextInputAppDelegate.m */,
				14BD5680129864F3001EAD73 /* TextPosition.h */,
				14BD5682129864F3001EAD73 /* TextPosition.m */,
				14BD5681129864F3001EAD73 /* TextRange.h */,
				14BD5683129864F3001EAD73 /* TextRange.m */,
				14544B471298922D004359FF /* TextInputStringTokenizer.h */,
				14544B481298922D004359FF /* TextInputStringTokenizer.m */,
				14BD562812985057001EAD73 /* View Controllers */,
				14BD562912985064001EAD73 /* Views */,
			);
			path = Classes;
			sourceTree = "<group>";
		};
		14BD562812985057001EAD73 /* View Controllers */ = {
			isa = PBXGroup;
			children = (
				28C286DF0D94DF7D0034E888 /* RootViewController.h */,
				28C286E00D94DF7D0034E888 /* RootViewController.m */,
				14BD55C1129849F8001EAD73 /* SimpleTextViewController.h */,
				14BD55C2129849F8001EAD73 /* SimpleTextViewController.m */,
				14544BA212989CA1004359FF /* PasscodeLockViewController.h */,
				14544BA312989CA1004359FF /* PasscodeLockViewController.m */,
				14BD56251298504D001EAD73 /* CoreTextViewController.h */,
				14BD56261298504D001EAD73 /* CoreTextViewController.m */,
			);
			name = "View Controllers";
			sourceTree = "<group>";
		};
		14BD562912985064001EAD73 /* Views */ = {
			isa = PBXGroup;
			children = (
				14BD55C912984AB7001EAD73 /* SimpleTextView.h */,
				14BD55CA12984AB7001EAD73 /* SimpleTextView.m */,
				14544BA912989D19004359FF /* PasscodeLockView.h */,
				14544BAA12989D19004359FF /* PasscodeLockView.m */,
				14BD564112985472001EAD73 /* CoreTextView.h */,
				14BD564212985472001EAD73 /* CoreTextView.m */,
			);
			name = Views;
			sourceTree = "<group>";
		};
		19C28FACFE9D520D11CA2CBB /* Products */ = {
			isa = PBXGroup;
			children = (
				1D6058910D05DD3D006BFB54 /* TextInput.app */,
			);
			name = Products;
			sourceTree = "<group>";
		};
		29B97314FDCFA39411CA2CEA /* CustomTemplate */ = {
			isa = PBXGroup;
			children = (
				080E96DDFE201D6D7F000001 /* Classes */,
				29B97315FDCFA39411CA2CEA /* Other Sources */,
				29B97317FDCFA39411CA2CEA /* Resources */,
				29B97323FDCFA39411CA2CEA /* Frameworks */,
				19C28FACFE9D520D11CA2CBB /* Products */,
			);
			name = CustomTemplate;
			sourceTree = "<group>";
		};
		29B97315FDCFA39411CA2CEA /* Other Sources */ = {
			isa = PBXGroup;
			children = (
				28A0AAE50D9B0CCF005BE974 /* TextInput_Prefix.pch */,
				29B97316FDCFA39411CA2CEA /* main.m */,
			);
			name = "Other Sources";
			sourceTree = "<group>";
		};
		29B97317FDCFA39411CA2CEA /* Resources */ = {
			isa = PBXGroup;
			children = (
				28F335F01007B36200424DE2 /* RootViewController.xib */,
				28AD735F0D9D9599002E5188 /* MainWindow.xib */,
				14544BAE12989DAD004359FF /* passcode_frame.png */,
				8D1107310486CEB800E47090 /* TextInput-Info.plist */,
			);
			name = Resources;
			sourceTree = "<group>";
		};
		29B97323FDCFA39411CA2CEA /* Frameworks */ = {
			isa = PBXGroup;
			children = (
				1DF5F4DF0D08C38300B7A737 /* UIKit.framework */,
				1D30AB110D05D00D00671497 /* Foundation.framework */,
				2892E40F0DC94CBA00A64D0F /* CoreGraphics.framework */,
				14BD562E129850F6001EAD73 /* CoreText.framework */,
			);
			name = Frameworks;
			sourceTree = "<group>";
		};
/* End PBXGroup section */

/* Begin PBXNativeTarget section */
		1D6058900D05DD3D006BFB54 /* TextInput */ = {
			isa = PBXNativeTarget;
			buildConfigurationList = 1D6058960D05DD3E006BFB54 /* Build configuration list for PBXNativeTarget "TextInput" */;
			buildPhases = (
				1D60588D0D05DD3D006BFB54 /* Resources */,
				1D60588E0D05DD3D006BFB54 /* Sources */,
				1D60588F0D05DD3D006BFB54 /* Frameworks */,
			);
			buildRules = (
			);
			dependencies = (
			);
			name = TextInput;
			productName = TextInput;
			productReference = 1D6058910D05DD3D006BFB54 /* TextInput.app */;
			productType = "com.apple.product-type.application";
		};
/* End PBXNativeTarget section */

/* Begin PBXProject section */
		29B97313FDCFA39411CA2CEA /* Project object */ = {
			isa = PBXProject;
			buildConfigurationList = C01FCF4E08A954540054247B /* Build configuration list for PBXProject "TextInput" */;
			compatibilityVersion = "Xcode 3.1";
			developmentRegion = English;
			hasScannedForEncodings = 1;
			knownRegions = (
				English,
				Japanese,
				French,
				German,
				en,
			);
			mainGroup = 29B97314FDCFA39411CA2CEA /* CustomTemplate */;
			projectDirPath = "";
			projectRoot = "";
			targets = (
				1D6058900D05DD3D006BFB54 /* TextInput */,
			);
		};
/* End PBXProject section */

/* Begin PBXResourcesBuildPhase section */
		1D60588D0D05DD3D006BFB54 /* Resources */ = {
			isa = PBXResourcesBuildPhase;
			buildActionMask = 2147483647;
			files = (
				28AD73600D9D9599002E5188 /* MainWindow.xib in Resources */,
				28F335F11007B36200424DE2 /* RootViewController.xib in Resources */,
				14544BAF12989DAD004359FF /* passcode_frame.png in Resources */,
			);
			runOnlyForDeploymentPostprocessing = 0;
		};
/* End PBXResourcesBuildPhase section */

/* Begin PBXSourcesBuildPhase section */
		1D60588E0D05DD3D006BFB54 /* Sources */ = {
			isa = PBXSourcesBuildPhase;
			buildActionMask = 2147483647;
			files = (
				1D60589B0D05DD56006BFB54 /* main.m in Sources */,
				1D3623260D0F684500981E51 /* TextInputAppDelegate.m in Sources */,
				28C286E10D94DF7D0034E888 /* RootViewController.m in Sources */,
				14BD55C3129849F8001EAD73 /* SimpleTextViewController.m in Sources */,
				14BD55CB12984AB7001EAD73 /* SimpleTextView.m in Sources */,
				14BD56271298504D001EAD73 /* CoreTextViewController.m in Sources */,
				14BD564312985472001EAD73 /* CoreTextView.m in Sources */,
				14BD5684129864F3001EAD73 /* TextPosition.m in Sources */,
				14BD5685129864F3001EAD73 /* TextRange.m in Sources */,
				14544B491298922D004359FF /* TextInputStringTokenizer.m in Sources */,
				14544BA412989CA1004359FF /* PasscodeLockViewController.m in Sources */,
				14544BAB12989D19004359FF /* PasscodeLockView.m in Sources */,
			);
			runOnlyForDeploymentPostprocessing = 0;
		};
/* End PBXSourcesBuildPhase section */

/* Begin XCBuildConfiguration section */
		1D6058940D05DD3E006BFB54 /* Debug */ = {
			isa = XCBuildConfiguration;
			buildSettings = {
				ALWAYS_SEARCH_USER_PATHS = NO;
				COPY_PHASE_STRIP = NO;
				GCC_DYNAMIC_NO_PIC = NO;
				GCC_OPTIMIZATION_LEVEL = 0;
				GCC_PRECOMPILE_PREFIX_HEADER = YES;
				GCC_PREFIX_HEADER = TextInput_Prefix.pch;
				INFOPLIST_FILE = "TextInput-Info.plist";
				PRODUCT_NAME = TextInput;
			};
			name = Debug;
		};
		1D6058950D05DD3E006BFB54 /* Release */ = {
			isa = XCBuildConfiguration;
			buildSettings = {
				ALWAYS_SEARCH_USER_PATHS = NO;
				COPY_PHASE_STRIP = YES;
				GCC_PRECOMPILE_PREFIX_HEADER = YES;
				GCC_PREFIX_HEADER = TextInput_Prefix.pch;
				INFOPLIST_FILE = "TextInput-Info.plist";
				PRODUCT_NAME = TextInput;
				VALIDATE_PRODUCT = YES;
			};
			name = Release;
		};
		C01FCF4F08A954540054247B /* Debug */ = {
			isa = XCBuildConfiguration;
			buildSettings = {
				ARCHS = "$(ARCHS_STANDARD_32_BIT)";
				"CODE_SIGN_IDENTITY[sdk=iphoneos*]" = "iPhone Developer";
				GCC_C_LANGUAGE_STANDARD = c99;
				GCC_VERSION = 4.2;
				GCC_WARN_ABOUT_RETURN_TYPE = YES;
				GCC_WARN_UNUSED_VARIABLE = YES;
				OTHER_CFLAGS = "";
				PREBINDING = NO;
				SDKROOT = iphoneos;
			};
			name = Debug;
		};
		C01FCF5008A954540054247B /* Release */ = {
			isa = XCBuildConfiguration;
			buildSettings = {
				ARCHS = "$(ARCHS_STANDARD_32_BIT)";
				"CODE_SIGN_IDENTITY[sdk=iphoneos*]" = "iPhone Developer";
				GCC_C_LANGUAGE_STANDARD = c99;
				GCC_VERSION = 4.2;
				GCC_WARN_ABOUT_RETURN_TYPE = YES;
				GCC_WARN_UNUSED_VARIABLE = YES;
				OTHER_CFLAGS = "-DNS_BLOCK_ASSERTIONS=1";
				PREBINDING = NO;
				SDKROOT = iphoneos;
			};
			name = Release;
		};
/* End XCBuildConfiguration section */

/* Begin XCConfigurationList section */
		1D6058960D05DD3E006BFB54 /* Build configuration list for PBXNativeTarget "TextInput" */ = {
			isa = XCConfigurationList;
			buildConfigurations = (
				1D6058940D05DD3E006BFB54 /* Debug */,
				1D6058950D05DD3E006BFB54 /* Release */,
			);
			defaultConfigurationIsVisible = 0;
			defaultConfigurationName = Release;
		};
		C01FCF4E08A954540054247B /* Build configuration list for PBXProject "TextInput" */ = {
			isa = XCConfigurationList;
			buildConfigurations = (
				C01FCF4F08A954540054247B /* Debug */,
				C01FCF5008A954540054247B /* Release */,
			);
			defaultConfigurationIsVisible = 0;
			defaultConfigurationName = Release;
		};
/* End XCConfigurationList section */
	};
	rootObject = 29B97313FDCFA39411CA2CEA /* Project object */;
}
